<Solution>
  <Folder Name="/Solution Items/">
    <File Path="Startup.cs" />
  </Folder>
  <Project Path="collectorsarchive.client/collectorsarchive.client.esproj">
    <Build />
    <Deploy />
  </Project>
  <Project Path="CollectorsArchive.Server/CollectorsArchive.Server.csproj" />
</Solution>
